
Microsoft Visual Studio Solution File, Format Version 12.00
# Visual Studio Version 17
VisualStudioVersion = 17.2.32616.157
MinimumVisualStudioVersion = 10.0.40219.1
Project("{FAE04EC0-301F-11D3-BF4B-00C04F79EFBC}") = "OrderManagement", "OrderManagement\OrderManagement.csproj", "{A82B0DB8-524B-497A-AAA6-6D273980F1E4}"
EndProject
Global
	GlobalSection(SolutionConfigurationPlatforms) = preSolution
		Debug|Any CPU = Debug|Any CPU
		Release|Any CPU = Release|Any CPU
	EndGlobalSection
	GlobalSection(ProjectConfigurationPlatforms) = postSolution
		{A82B0DB8-524B-497A-AAA6-6D273980F1E4}.Debug|Any CPU.ActiveCfg = Debug|Any CPU
		{A82B0DB8-524B-497A-AAA6-6D273980F1E4}.Debug|Any CPU.Build.0 = Debug|Any CPU
		{A82B0DB8-524B-497A-AAA6-6D273980F1E4}.Release|Any CPU.ActiveCfg = Release|Any CPU
		{A82B0DB8-524B-497A-AAA6-6D273980F1E4}.Release|Any CPU.Build.0 = Release|Any CPU
	EndGlobalSection
	GlobalSection(SolutionProperties) = preSolution
		HideSolutionNode = FALSE
	EndGlobalSection
	GlobalSection(ExtensibilityGlobals) = postSolution
		SolutionGuid = {0118D35E-4303-4659-9AE2-B1CF1082A70C}
	EndGlobalSection
EndGlobal
